<Solution>
  <Project Path="src/ViniBas.ResultPattern/ViniBas.ResultPattern.csproj" />
  <Project Path="src/ViniBas.ResultPattern.AspNet/ViniBas.ResultPattern.AspNet.csproj" />
  <Project Path="src/ViniBas.ResultPattern.AspNet.Generators/ViniBas.ResultPattern.AspNet.Generators.csproj" />
  <Project Path="tests/ViniBas.ResultPattern.UnitTests/ViniBas.ResultPattern.UnitTests.csproj" />
  <Project Path="tests/ViniBas.ResultPattern.AspNet.UnitTests/ViniBas.ResultPattern.AspNet.UnitTests.csproj" />
  <Project Path="samples/ViniBas.ResultPattern.DemoWebApi/ViniBas.ResultPattern.DemoWebApi.csproj" />
</Solution>
